// !$*UTF8*$!
{
	archiveVersion = 1;
	classes = {
	};
	objectVersion = 46;
	objects = {

/* Begin PBXBuildFile section */
		462392101B0FF2CB00AA0610 /* MicroFLF.ttf in Resources */ = {isa = PBXBuildFile; fileRef = 4623920F1B0FF15000AA0610 /* MicroFLF.ttf */; };
		462392121B0FF52400AA0610 /* Galano.otf in Resources */ = {isa = PBXBuildFile; fileRef = 462392111B0FF51D00AA0610 /* Galano.otf */; };
		46336C0B1B0EEF2A00AAEA75 /* airstrikebold.ttf in Resources */ = {isa = PBXBuildFile; fileRef = 46336C0A1B0EEF2300AAEA75 /* airstrikebold.ttf */; };
		4648E7041B0AA51600380242 /* LevelsController.swift in Sources */ = {isa = PBXBuildFile; fileRef = 4648E7031B0AA51600380242 /* LevelsController.swift */; };
		4648E7061B0AAF5900380242 /* AboutController.swift in Sources */ = {isa = PBXBuildFile; fileRef = 4648E7051B0AAF5900380242 /* AboutController.swift */; };
		4648E7081B0AB43F00380242 /* HowToController.swift in Sources */ = {isa = PBXBuildFile; fileRef = 4648E7071B0AB43F00380242 /* HowToController.swift */; };
		4648E70A1B0AB80800380242 /* SettingsController.swift in Sources */ = {isa = PBXBuildFile; fileRef = 4648E7091B0AB80800380242 /* SettingsController.swift */; };
		4648E70C1B0ABAF400380242 /* GameController.swift in Sources */ = {isa = PBXBuildFile; fileRef = 4648E70B1B0ABAF400380242 /* GameController.swift */; };
		4648E70E1B0AD17900380242 /* level.swift in Sources */ = {isa = PBXBuildFile; fileRef = 4648E70D1B0AD17900380242 /* level.swift */; };
		4648E7101B0AD18900380242 /* utility_functions.swift in Sources */ = {isa = PBXBuildFile; fileRef = 4648E70F1B0AD18900380242 /* utility_functions.swift */; };
		46E62D0D1B0A5E7D00A07B7B /* AppDelegate.swift in Sources */ = {isa = PBXBuildFile; fileRef = 46E62D0C1B0A5E7D00A07B7B /* AppDelegate.swift */; };
		46E62D101B0A5E7D00A07B7B /* Mine_Escape.xcdatamodeld in Sources */ = {isa = PBXBuildFile; fileRef = 46E62D0E1B0A5E7D00A07B7B /* Mine_Escape.xcdatamodeld */; };
		46E62D121B0A5E7D00A07B7B /* ViewController.swift in Sources */ = {isa = PBXBuildFile; fileRef = 46E62D111B0A5E7D00A07B7B /* ViewController.swift */; };
		46E62D151B0A5E7D00A07B7B /* Main.storyboard in Resources */ = {isa = PBXBuildFile; fileRef = 46E62D131B0A5E7D00A07B7B /* Main.storyboard */; };
		46E62D171B0A5E7D00A07B7B /* Images.xcassets in Resources */ = {isa = PBXBuildFile; fileRef = 46E62D161B0A5E7D00A07B7B /* Images.xcassets */; };
		46E62D1A1B0A5E7D00A07B7B /* LaunchScreen.xib in Resources */ = {isa = PBXBuildFile; fileRef = 46E62D181B0A5E7D00A07B7B /* LaunchScreen.xib */; };
		46E62D261B0A5E7E00A07B7B /* Mine_EscapeTests.swift in Sources */ = {isa = PBXBuildFile; fileRef = 46E62D251B0A5E7E00A07B7B /* Mine_EscapeTests.swift */; };
		46E62D341B0A5EE000A07B7B /* audio.swift in Sources */ = {isa = PBXBuildFile; fileRef = 46E62D2F1B0A5EE000A07B7B /* audio.swift */; };
		46E62D3D1B0A5F4500A07B7B /* button_click.wav in Resources */ = {isa = PBXBuildFile; fileRef = 46E62D391B0A5F4500A07B7B /* button_click.wav */; };
		46E62D3E1B0A5F4500A07B7B /* explore_thud.wav in Resources */ = {isa = PBXBuildFile; fileRef = 46E62D3A1B0A5F4500A07B7B /* explore_thud.wav */; };
		46E62D3F1B0A5F4500A07B7B /* game_lost.wav in Resources */ = {isa = PBXBuildFile; fileRef = 46E62D3B1B0A5F4500A07B7B /* game_lost.wav */; };
		46E62D401B0A5F4500A07B7B /* won_game.wav in Resources */ = {isa = PBXBuildFile; fileRef = 46E62D3C1B0A5F4500A07B7B /* won_game.wav */; };
		46E62D421B0A7D8700A07B7B /* MainController.swift in Sources */ = {isa = PBXBuildFile; fileRef = 46E62D411B0A7D8700A07B7B /* MainController.swift */; };
/* End PBXBuildFile section */

/* Begin PBXContainerItemProxy section */
		46E62D201B0A5E7E00A07B7B /* PBXContainerItemProxy */ = {
			isa = PBXContainerItemProxy;
			containerPortal = 46E62CFF1B0A5E7D00A07B7B /* Project object */;
			proxyType = 1;
			remoteGlobalIDString = 46E62D061B0A5E7D00A07B7B;
			remoteInfo = Mine_Escape;
		};
/* End PBXContainerItemProxy section */

/* Begin PBXFileReference section */
		4623920F1B0FF15000AA0610 /* MicroFLF.ttf */ = {isa = PBXFileReference; lastKnownFileType = file; path = MicroFLF.ttf; sourceTree = "<group>"; };
		462392111B0FF51D00AA0610 /* Galano.otf */ = {isa = PBXFileReference; lastKnownFileType = file; path = Galano.otf; sourceTree = "<group>"; };
		46336C0A1B0EEF2300AAEA75 /* airstrikebold.ttf */ = {isa = PBXFileReference; lastKnownFileType = file; path = airstrikebold.ttf; sourceTree = "<group>"; };
		4648E7031B0AA51600380242 /* LevelsController.swift */ = {isa = PBXFileReference; fileEncoding = 4; lastKnownFileType = sourcecode.swift; path = LevelsController.swift; sourceTree = "<group>"; };
		4648E7051B0AAF5900380242 /* AboutController.swift */ = {isa = PBXFileReference; fileEncoding = 4; lastKnownFileType = sourcecode.swift; path = AboutController.swift; sourceTree = "<group>"; };
		4648E7071B0AB43F00380242 /* HowToController.swift */ = {isa = PBXFileReference; fileEncoding = 4; lastKnownFileType = sourcecode.swift; path = HowToController.swift; sourceTree = "<group>"; };
		4648E7091B0AB80800380242 /* SettingsController.swift */ = {isa = PBXFileReference; fileEncoding = 4; lastKnownFileType = sourcecode.swift; path = SettingsController.swift; sourceTree = "<group>"; };
		4648E70B1B0ABAF400380242 /* GameController.swift */ = {isa = PBXFileReference; fileEncoding = 4; lastKnownFileType = sourcecode.swift; path = GameController.swift; sourceTree = "<group>"; };
		4648E70D1B0AD17900380242 /* level.swift */ = {isa = PBXFileReference; fileEncoding = 4; lastKnownFileType = sourcecode.swift; path = level.swift; sourceTree = "<group>"; };
		4648E70F1B0AD18900380242 /* utility_functions.swift */ = {isa = PBXFileReference; fileEncoding = 4; lastKnownFileType = sourcecode.swift; path = utility_functions.swift; sourceTree = "<group>"; };
		46E62D071B0A5E7D00A07B7B /* Mine_Escape.app */ = {isa = PBXFileReference; explicitFileType = wrapper.application; includeInIndex = 0; path = Mine_Escape.app; sourceTree = BUILT_PRODUCTS_DIR; };
		46E62D0B1B0A5E7D00A07B7B /* Info.plist */ = {isa = PBXFileReference; lastKnownFileType = text.plist.xml; path = Info.plist; sourceTree = "<group>"; };
		46E62D0C1B0A5E7D00A07B7B /* AppDelegate.swift */ = {isa = PBXFileReference; lastKnownFileType = sourcecode.swift; path = AppDelegate.swift; sourceTree = "<group>"; };
		46E62D0F1B0A5E7D00A07B7B /* Mine_Escape.xcdatamodel */ = {isa = PBXFileReference; lastKnownFileType = wrapper.xcdatamodel; path = Mine_Escape.xcdatamodel; sourceTree = "<group>"; };
		46E62D111B0A5E7D00A07B7B /* ViewController.swift */ = {isa = PBXFileReference; lastKnownFileType = sourcecode.swift; path = ViewController.swift; sourceTree = "<group>"; };
		46E62D141B0A5E7D00A07B7B /* Base */ = {isa = PBXFileReference; lastKnownFileType = file.storyboard; name = Base; path = Base.lproj/Main.storyboard; sourceTree = "<group>"; };
		46E62D161B0A5E7D00A07B7B /* Images.xcassets */ = {isa = PBXFileReference; lastKnownFileType = folder.assetcatalog; path = Images.xcassets; sourceTree = "<group>"; };
		46E62D191B0A5E7D00A07B7B /* Base */ = {isa = PBXFileReference; lastKnownFileType = file.xib; name = Base; path = Base.lproj/LaunchScreen.xib; sourceTree = "<group>"; };
		46E62D1F1B0A5E7E00A07B7B /* Mine_EscapeTests.xctest */ = {isa = PBXFileReference; explicitFileType = wrapper.cfbundle; includeInIndex = 0; path = Mine_EscapeTests.xctest; sourceTree = BUILT_PRODUCTS_DIR; };
		46E62D241B0A5E7E00A07B7B /* Info.plist */ = {isa = PBXFileReference; lastKnownFileType = text.plist.xml; path = Info.plist; sourceTree = "<group>"; };
		46E62D251B0A5E7E00A07B7B /* Mine_EscapeTests.swift */ = {isa = PBXFileReference; lastKnownFileType = sourcecode.swift; path = Mine_EscapeTests.swift; sourceTree = "<group>"; };
		46E62D2F1B0A5EE000A07B7B /* audio.swift */ = {isa = PBXFileReference; fileEncoding = 4; lastKnownFileType = sourcecode.swift; path = audio.swift; sourceTree = "<group>"; };
		46E62D391B0A5F4500A07B7B /* button_click.wav */ = {isa = PBXFileReference; lastKnownFileType = audio.wav; path = button_click.wav; sourceTree = "<group>"; };
		46E62D3A1B0A5F4500A07B7B /* explore_thud.wav */ = {isa = PBXFileReference; lastKnownFileType = audio.wav; path = explore_thud.wav; sourceTree = "<group>"; };
		46E62D3B1B0A5F4500A07B7B /* game_lost.wav */ = {isa = PBXFileReference; lastKnownFileType = audio.wav; path = game_lost.wav; sourceTree = "<group>"; };
		46E62D3C1B0A5F4500A07B7B /* won_game.wav */ = {isa = PBXFileReference; lastKnownFileType = audio.wav; path = won_game.wav; sourceTree = "<group>"; };
		46E62D411B0A7D8700A07B7B /* MainController.swift */ = {isa = PBXFileReference; fileEncoding = 4; lastKnownFileType = sourcecode.swift; path = MainController.swift; sourceTree = "<group>"; };
/* End PBXFileReference section */

/* Begin PBXFrameworksBuildPhase section */
		46E62D041B0A5E7D00A07B7B /* Frameworks */ = {
			isa = PBXFrameworksBuildPhase;
			buildActionMask = 2147483647;
			files = (
			);
			runOnlyForDeploymentPostprocessing = 0;
		};
		46E62D1C1B0A5E7E00A07B7B /* Frameworks */ = {
			isa = PBXFrameworksBuildPhase;
			buildActionMask = 2147483647;
			files = (
			);
			runOnlyForDeploymentPostprocessing = 0;
		};
/* End PBXFrameworksBuildPhase section */

/* Begin PBXGroup section */
		46E62CFE1B0A5E7D00A07B7B = {
			isa = PBXGroup;
			children = (
				46E62D091B0A5E7D00A07B7B /* Mine_Escape */,
				46E62D221B0A5E7E00A07B7B /* Mine_EscapeTests */,
				46E62D081B0A5E7D00A07B7B /* Products */,
			);
			sourceTree = "<group>";
		};
		46E62D081B0A5E7D00A07B7B /* Products */ = {
			isa = PBXGroup;
			children = (
				46E62D071B0A5E7D00A07B7B /* Mine_Escape.app */,
				46E62D1F1B0A5E7E00A07B7B /* Mine_EscapeTests.xctest */,
			);
			name = Products;
			sourceTree = "<group>";
		};
		46E62D091B0A5E7D00A07B7B /* Mine_Escape */ = {
			isa = PBXGroup;
			children = (
				46336C0A1B0EEF2300AAEA75 /* airstrikebold.ttf */,
				4623920F1B0FF15000AA0610 /* MicroFLF.ttf */,
				462392111B0FF51D00AA0610 /* Galano.otf */,
				46E62D0C1B0A5E7D00A07B7B /* AppDelegate.swift */,
				46E62D411B0A7D8700A07B7B /* MainController.swift */,
				4648E7051B0AAF5900380242 /* AboutController.swift */,
				4648E7031B0AA51600380242 /* LevelsController.swift */,
				4648E7091B0AB80800380242 /* SettingsController.swift */,
				4648E70B1B0ABAF400380242 /* GameController.swift */,
				4648E7071B0AB43F00380242 /* HowToController.swift */,
				46E62D111B0A5E7D00A07B7B /* ViewController.swift */,
				46E62D2F1B0A5EE000A07B7B /* audio.swift */,
				4648E70F1B0AD18900380242 /* utility_functions.swift */,
				4648E70D1B0AD17900380242 /* level.swift */,
				46E62D391B0A5F4500A07B7B /* button_click.wav */,
				46E62D3A1B0A5F4500A07B7B /* explore_thud.wav */,
				46E62D3B1B0A5F4500A07B7B /* game_lost.wav */,
				46E62D3C1B0A5F4500A07B7B /* won_game.wav */,
				46E62D131B0A5E7D00A07B7B /* Main.storyboard */,
				46E62D161B0A5E7D00A07B7B /* Images.xcassets */,
				46E62D181B0A5E7D00A07B7B /* LaunchScreen.xib */,
				46E62D0E1B0A5E7D00A07B7B /* Mine_Escape.xcdatamodeld */,
				46E62D0A1B0A5E7D00A07B7B /* Supporting Files */,
			);
			path = Mine_Escape;
			sourceTree = "<group>";
		};
		46E62D0A1B0A5E7D00A07B7B /* Supporting Files */ = {
			isa = PBXGroup;
			children = (
				46E62D0B1B0A5E7D00A07B7B /* Info.plist */,
			);
			name = "Supporting Files";
			sourceTree = "<group>";
		};
		46E62D221B0A5E7E00A07B7B /* Mine_EscapeTests */ = {
			isa = PBXGroup;
			children = (
				46E62D251B0A5E7E00A07B7B /* Mine_EscapeTests.swift */,
				46E62D231B0A5E7E00A07B7B /* Supporting Files */,
			);
			path = Mine_EscapeTests;
			sourceTree = "<group>";
		};
		46E62D231B0A5E7E00A07B7B /* Supporting Files */ = {
			isa = PBXGroup;
			children = (
				46E62D241B0A5E7E00A07B7B /* Info.plist */,
			);
			name = "Supporting Files";
			sourceTree = "<group>";
		};
/* End PBXGroup section */

/* Begin PBXNativeTarget section */
		46E62D061B0A5E7D00A07B7B /* Mine_Escape */ = {
			isa = PBXNativeTarget;
			buildConfigurationList = 46E62D291B0A5E7E00A07B7B /* Build configuration list for PBXNativeTarget "Mine_Escape" */;
			buildPhases = (
				46E62D031B0A5E7D00A07B7B /* Sources */,
				46E62D041B0A5E7D00A07B7B /* Frameworks */,
				46E62D051B0A5E7D00A07B7B /* Resources */,
			);
			buildRules = (
			);
			dependencies = (
			);
			name = Mine_Escape;
			productName = Mine_Escape;
			productReference = 46E62D071B0A5E7D00A07B7B /* Mine_Escape.app */;
			productType = "com.apple.product-type.application";
		};
		46E62D1E1B0A5E7E00A07B7B /* Mine_EscapeTests */ = {
			isa = PBXNativeTarget;
			buildConfigurationList = 46E62D2C1B0A5E7E00A07B7B /* Build configuration list for PBXNativeTarget "Mine_EscapeTests" */;
			buildPhases = (
				46E62D1B1B0A5E7E00A07B7B /* Sources */,
				46E62D1C1B0A5E7E00A07B7B /* Frameworks */,
				46E62D1D1B0A5E7E00A07B7B /* Resources */,
			);
			buildRules = (
			);
			dependencies = (
				46E62D211B0A5E7E00A07B7B /* PBXTargetDependency */,
			);
			name = Mine_EscapeTests;
			productName = Mine_EscapeTests;
			productReference = 46E62D1F1B0A5E7E00A07B7B /* Mine_EscapeTests.xctest */;
			productType = "com.apple.product-type.bundle.unit-test";
		};
/* End PBXNativeTarget section */

/* Begin PBXProject section */
		46E62CFF1B0A5E7D00A07B7B /* Project object */ = {
			isa = PBXProject;
			attributes = {
				LastUpgradeCheck = 0630;
				ORGANIZATIONNAME = "Alex Harrison";
				TargetAttributes = {
					46E62D061B0A5E7D00A07B7B = {
						CreatedOnToolsVersion = 6.3.1;
					};
					46E62D1E1B0A5E7E00A07B7B = {
						CreatedOnToolsVersion = 6.3.1;
						TestTargetID = 46E62D061B0A5E7D00A07B7B;
					};
				};
			};
			buildConfigurationList = 46E62D021B0A5E7D00A07B7B /* Build configuration list for PBXProject "Mine_Escape" */;
			compatibilityVersion = "Xcode 3.2";
			developmentRegion = English;
			hasScannedForEncodings = 0;
			knownRegions = (
				en,
				Base,
			);
			mainGroup = 46E62CFE1B0A5E7D00A07B7B;
			productRefGroup = 46E62D081B0A5E7D00A07B7B /* Products */;
			projectDirPath = "";
			projectRoot = "";
			targets = (
				46E62D061B0A5E7D00A07B7B /* Mine_Escape */,
				46E62D1E1B0A5E7E00A07B7B /* Mine_EscapeTests */,
			);
		};
/* End PBXProject section */

/* Begin PBXResourcesBuildPhase section */
		46E62D051B0A5E7D00A07B7B /* Resources */ = {
			isa = PBXResourcesBuildPhase;
			buildActionMask = 2147483647;
			files = (
				462392121B0FF52400AA0610 /* Galano.otf in Resources */,
				462392101B0FF2CB00AA0610 /* MicroFLF.ttf in Resources */,
				46336C0B1B0EEF2A00AAEA75 /* airstrikebold.ttf in Resources */,
				46E62D3F1B0A5F4500A07B7B /* game_lost.wav in Resources */,
				46E62D151B0A5E7D00A07B7B /* Main.storyboard in Resources */,
				46E62D401B0A5F4500A07B7B /* won_game.wav in Resources */,
				46E62D3D1B0A5F4500A07B7B /* button_click.wav in Resources */,
				46E62D3E1B0A5F4500A07B7B /* explore_thud.wav in Resources */,
				46E62D1A1B0A5E7D00A07B7B /* LaunchScreen.xib in Resources */,
				46E62D171B0A5E7D00A07B7B /* Images.xcassets in Resources */,
			);
			runOnlyForDeploymentPostprocessing = 0;
		};
		46E62D1D1B0A5E7E00A07B7B /* Resources */ = {
			isa = PBXResourcesBuildPhase;
			buildActionMask = 2147483647;
			files = (
			);
			runOnlyForDeploymentPostprocessing = 0;
		};
/* End PBXResourcesBuildPhase section */

/* Begin PBXSourcesBuildPhase section */
		46E62D031B0A5E7D00A07B7B /* Sources */ = {
			isa = PBXSourcesBuildPhase;
			buildActionMask = 2147483647;
			files = (
				4648E70A1B0AB80800380242 /* SettingsController.swift in Sources */,
				4648E7081B0AB43F00380242 /* HowToController.swift in Sources */,
				4648E7101B0AD18900380242 /* utility_functions.swift in Sources */,
				46E62D341B0A5EE000A07B7B /* audio.swift in Sources */,
				46E62D121B0A5E7D00A07B7B /* ViewController.swift in Sources */,
				46E62D0D1B0A5E7D00A07B7B /* AppDelegate.swift in Sources */,
				4648E7041B0AA51600380242 /* LevelsController.swift in Sources */,
				46E62D421B0A7D8700A07B7B /* MainController.swift in Sources */,
				46E62D101B0A5E7D00A07B7B /* Mine_Escape.xcdatamodeld in Sources */,
				4648E7061B0AAF5900380242 /* AboutController.swift in Sources */,
				4648E70E1B0AD17900380242 /* level.swift in Sources */,
				4648E70C1B0ABAF400380242 /* GameController.swift in Sources */,
			);
			runOnlyForDeploymentPostprocessing = 0;
		};
		46E62D1B1B0A5E7E00A07B7B /* Sources */ = {
			isa = PBXSourcesBuildPhase;
			buildActionMask = 2147483647;
			files = (
				46E62D261B0A5E7E00A07B7B /* Mine_EscapeTests.swift in Sources */,
			);
			runOnlyForDeploymentPostprocessing = 0;
		};
/* End PBXSourcesBuildPhase section */

/* Begin PBXTargetDependency section */
		46E62D211B0A5E7E00A07B7B /* PBXTargetDependency */ = {
			isa = PBXTargetDependency;
			target = 46E62D061B0A5E7D00A07B7B /* Mine_Escape */;
			targetProxy = 46E62D201B0A5E7E00A07B7B /* PBXContainerItemProxy */;
		};
/* End PBXTargetDependency section */

/* Begin PBXVariantGroup section */
		46E62D131B0A5E7D00A07B7B /* Main.storyboard */ = {
			isa = PBXVariantGroup;
			children = (
				46E62D141B0A5E7D00A07B7B /* Base */,
			);
			name = Main.storyboard;
			sourceTree = "<group>";
		};
		46E62D181B0A5E7D00A07B7B /* LaunchScreen.xib */ = {
			isa = PBXVariantGroup;
			children = (
				46E62D191B0A5E7D00A07B7B /* Base */,
			);
			name = LaunchScreen.xib;
			sourceTree = "<group>";
		};
/* End PBXVariantGroup section */

/* Begin XCBuildConfiguration section */
		46E62D271B0A5E7E00A07B7B /* Debug */ = {
			isa = XCBuildConfiguration;
			buildSettings = {
				ALWAYS_SEARCH_USER_PATHS = NO;
				CLANG_CXX_LANGUAGE_STANDARD = "gnu++0x";
				CLANG_CXX_LIBRARY = "libc++";
				CLANG_ENABLE_MODULES = YES;
				CLANG_ENABLE_OBJC_ARC = YES;
				CLANG_WARN_BOOL_CONVERSION = YES;
				CLANG_WARN_CONSTANT_CONVERSION = YES;
				CLANG_WARN_DIRECT_OBJC_ISA_USAGE = YES_ERROR;
				CLANG_WARN_EMPTY_BODY = YES;
				CLANG_WARN_ENUM_CONVERSION = YES;
				CLANG_WARN_INT_CONVERSION = YES;
				CLANG_WARN_OBJC_ROOT_CLASS = YES_ERROR;
				CLANG_WARN_UNREACHABLE_CODE = YES;
				CLANG_WARN__DUPLICATE_METHOD_MATCH = YES;
				"CODE_SIGN_IDENTITY[sdk=iphoneos*]" = "iPhone Developer";
				COPY_PHASE_STRIP = NO;
				DEBUG_INFORMATION_FORMAT = "dwarf-with-dsym";
				ENABLE_STRICT_OBJC_MSGSEND = YES;
				GCC_C_LANGUAGE_STANDARD = gnu99;
				GCC_DYNAMIC_NO_PIC = NO;
				GCC_NO_COMMON_BLOCKS = YES;
				GCC_OPTIMIZATION_LEVEL = 0;
				GCC_PREPROCESSOR_DEFINITIONS = (
					"DEBUG=1",
					"$(inherited)",
				);
				GCC_SYMBOLS_PRIVATE_EXTERN = NO;
				GCC_WARN_64_TO_32_BIT_CONVERSION = YES;
				GCC_WARN_ABOUT_RETURN_TYPE = YES_ERROR;
				GCC_WARN_UNDECLARED_SELECTOR = YES;
				GCC_WARN_UNINITIALIZED_AUTOS = YES_AGGRESSIVE;
				GCC_WARN_UNUSED_FUNCTION = YES;
				GCC_WARN_UNUSED_VARIABLE = YES;
				IPHONEOS_DEPLOYMENT_TARGET = 8.3;
				MTL_ENABLE_DEBUG_INFO = YES;
				ONLY_ACTIVE_ARCH = YES;
				SDKROOT = iphoneos;
				SWIFT_OPTIMIZATION_LEVEL = "-Onone";
				TARGETED_DEVICE_FAMILY = "1,2";
			};
			name = Debug;
		};
		46E62D281B0A5E7E00A07B7B /* Release */ = {
			isa = XCBuildConfiguration;
			buildSettings = {
				ALWAYS_SEARCH_USER_PATHS = NO;
				CLANG_CXX_LANGUAGE_STANDARD = "gnu++0x";
				CLANG_CXX_LIBRARY = "libc++";
				CLANG_ENABLE_MODULES = YES;
				CLANG_ENABLE_OBJC_ARC = YES;
				CLANG_WARN_BOOL_CONVERSION = YES;
				CLANG_WARN_CONSTANT_CONVERSION = YES;
				CLANG_WARN_DIRECT_OBJC_ISA_USAGE = YES_ERROR;
				CLANG_WARN_EMPTY_BODY = YES;
				CLANG_WARN_ENUM_CONVERSION = YES;
				CLANG_WARN_INT_CONVERSION = YES;
				CLANG_WARN_OBJC_ROOT_CLASS = YES_ERROR;
				CLANG_WARN_UNREACHABLE_CODE = YES;
				CLANG_WARN__DUPLICATE_METHOD_MATCH = YES;
				"CODE_SIGN_IDENTITY[sdk=iphoneos*]" = "iPhone Developer";
				COPY_PHASE_STRIP = NO;
				DEBUG_INFORMATION_FORMAT = "dwarf-with-dsym";
				ENABLE_NS_ASSERTIONS = NO;
				ENABLE_STRICT_OBJC_MSGSEND = YES;
				GCC_C_LANGUAGE_STANDARD = gnu99;
				GCC_NO_COMMON_BLOCKS = YES;
				GCC_WARN_64_TO_32_BIT_CONVERSION = YES;
				GCC_WARN_ABOUT_RETURN_TYPE = YES_ERROR;
				GCC_WARN_UNDECLARED_SELECTOR = YES;
				GCC_WARN_UNINITIALIZED_AUTOS = YES_AGGRESSIVE;
				GCC_WARN_UNUSED_FUNCTION = YES;
				GCC_WARN_UNUSED_VARIABLE = YES;
				IPHONEOS_DEPLOYMENT_TARGET = 8.3;
				MTL_ENABLE_DEBUG_INFO = NO;
				SDKROOT = iphoneos;
				TARGETED_DEVICE_FAMILY = "1,2";
				VALIDATE_PRODUCT = YES;
			};
			name = Release;
		};
		46E62D2A1B0A5E7E00A07B7B /* Debug */ = {
			isa = XCBuildConfiguration;
			buildSettings = {
				ASSETCATALOG_COMPILER_APPICON_NAME = AppIcon;
				INFOPLIST_FILE = Mine_Escape/Info.plist;
				LD_RUNPATH_SEARCH_PATHS = "$(inherited) @executable_path/Frameworks";
				PRODUCT_NAME = "$(TARGET_NAME)";
			};
			name = Debug;
		};
		46E62D2B1B0A5E7E00A07B7B /* Release */ = {
			isa = XCBuildConfiguration;
			buildSettings = {
				ASSETCATALOG_COMPILER_APPICON_NAME = AppIcon;
				INFOPLIST_FILE = Mine_Escape/Info.plist;
				LD_RUNPATH_SEARCH_PATHS = "$(inherited) @executable_path/Frameworks";
				PRODUCT_NAME = "$(TARGET_NAME)";
			};
			name = Release;
		};
		46E62D2D1B0A5E7E00A07B7B /* Debug */ = {
			isa = XCBuildConfiguration;
			buildSettings = {
				BUNDLE_LOADER = "$(TEST_HOST)";
				FRAMEWORK_SEARCH_PATHS = (
					"$(SDKROOT)/Developer/Library/Frameworks",
					"$(inherited)",
				);
				GCC_PREPROCESSOR_DEFINITIONS = (
					"DEBUG=1",
					"$(inherited)",
				);
				INFOPLIST_FILE = Mine_EscapeTests/Info.plist;
				LD_RUNPATH_SEARCH_PATHS = "$(inherited) @executable_path/Frameworks @loader_path/Frameworks";
				PRODUCT_NAME = "$(TARGET_NAME)";
				TEST_HOST = "$(BUILT_PRODUCTS_DIR)/Mine_Escape.app/Mine_Escape";
			};
			name = Debug;
		};
		46E62D2E1B0A5E7E00A07B7B /* Release */ = {
			isa = XCBuildConfiguration;
			buildSettings = {
				BUNDLE_LOADER = "$(TEST_HOST)";
				FRAMEWORK_SEARCH_PATHS = (
					"$(SDKROOT)/Developer/Library/Frameworks",
					"$(inherited)",
				);
				INFOPLIST_FILE = Mine_EscapeTests/Info.plist;
				LD_RUNPATH_SEARCH_PATHS = "$(inherited) @executable_path/Frameworks @loader_path/Frameworks";
				PRODUCT_NAME = "$(TARGET_NAME)";
				TEST_HOST = "$(BUILT_PRODUCTS_DIR)/Mine_Escape.app/Mine_Escape";
			};
			name = Release;
		};
/* End XCBuildConfiguration section */

/* Begin XCConfigurationList section */
		46E62D021B0A5E7D00A07B7B /* Build configuration list for PBXProject "Mine_Escape" */ = {
			isa = XCConfigurationList;
			buildConfigurations = (
				46E62D271B0A5E7E00A07B7B /* Debug */,
				46E62D281B0A5E7E00A07B7B /* Release */,
			);
			defaultConfigurationIsVisible = 0;
			defaultConfigurationName = Release;
		};
		46E62D291B0A5E7E00A07B7B /* Build configuration list for PBXNativeTarget "Mine_Escape" */ = {
			isa = XCConfigurationList;
			buildConfigurations = (
				46E62D2A1B0A5E7E00A07B7B /* Debug */,
				46E62D2B1B0A5E7E00A07B7B /* Release */,
			);
			defaultConfigurationIsVisible = 0;
			defaultConfigurationName = Release;
		};
		46E62D2C1B0A5E7E00A07B7B /* Build configuration list for PBXNativeTarget "Mine_EscapeTests" */ = {
			isa = XCConfigurationList;
			buildConfigurations = (
				46E62D2D1B0A5E7E00A07B7B /* Debug */,
				46E62D2E1B0A5E7E00A07B7B /* Release */,
			);
			defaultConfigurationIsVisible = 0;
			defaultConfigurationName = Release;
		};
/* End XCConfigurationList section */

/* Begin XCVersionGroup section */
		46E62D0E1B0A5E7D00A07B7B /* Mine_Escape.xcdatamodeld */ = {
			isa = XCVersionGroup;
			children = (
				46E62D0F1B0A5E7D00A07B7B /* Mine_Escape.xcdatamodel */,
			);
			currentVersion = 46E62D0F1B0A5E7D00A07B7B /* Mine_Escape.xcdatamodel */;
			path = Mine_Escape.xcdatamodeld;
			sourceTree = "<group>";
			versionGroupType = wrapper.xcdatamodel;
		};
/* End XCVersionGroup section */
	};
	rootObject = 46E62CFF1B0A5E7D00A07B7B /* Project object */;
}
